<Solution>
  <Folder Name="/src/">
    <Project Path="src/ClubPay.Agent.Admin/ClubPay.Agent.Admin.csproj" />
    <Project Path="src/ClubPay.Agent.Client/ClubPay.Agent.Client.csproj" />
    <Project Path="src/ClubPay.Agent.Core/ClubPay.Agent.Core.csproj" />
  </Folder>
  <Folder Name="/tests/">
    <Project Path="tests/ClubPay.Agent.Core.Tests/ClubPay.Agent.Core.Tests.csproj" />
    <Project Path="tests/ClubPay.Agent.Client.Tests/ClubPay.Agent.Client.Tests.csproj" />
    <Project Path="tests/ClubPay.Agent.Admin.Tests/ClubPay.Agent.Admin.Tests.csproj" />
    <Project Path="tests/ClubPay.Agent.TestHarness/ClubPay.Agent.TestHarness.csproj" />
  </Folder>
  <Folder Name="/tools/">
    <Project Path="tools/MockController/MockController.csproj" />
  </Folder>
</Solution>
